
Microsoft Visual Studio Solution File, Format Version 12.00
Project("{FAE04EC0-301F-11D3-BF4B-00C04F79EFBC}") = "ToDoList", "ToDoList\ToDoList.csproj", "{F99AEF7B-5845-40FE-A0B9-9C858466FF89}"
EndProject
Project("{2150E333-8FDC-42A3-9474-1A3956D46DE8}") = "Domain", "Domain", "{4DB399D2-467B-4598-8395-4A09E0D4CB5B}"
EndProject
Project("{FAE04EC0-301F-11D3-BF4B-00C04F79EFBC}") = "ToDoList.Domain", "ToDoList.Domain\ToDoList.Domain.csproj", "{6F82172F-A6C9-4D79-9DF7-D16A086337BA}"
EndProject
Project("{2150E333-8FDC-42A3-9474-1A3956D46DE8}") = "DAL", "DAL", "{233100C9-4DAA-45BD-9F1F-EDF0E29BFE54}"
EndProject
Project("{FAE04EC0-301F-11D3-BF4B-00C04F79EFBC}") = "ToDoList.DAL", "ToDoList.DAL\ToDoList.DAL.csproj", "{07959963-4473-46F6-9A6C-02171FAF1711}"
EndProject
Project("{2150E333-8FDC-42A3-9474-1A3956D46DE8}") = "Service", "Service", "{1FADD9C5-BE0A-4B60-A1A0-632DF28774B6}"
EndProject
Project("{FAE04EC0-301F-11D3-BF4B-00C04F79EFBC}") = "ToDoList.Service", "ToDoList.Service\ToDoList.Service.csproj", "{86343190-8B49-4D38-ADD0-9E2D994B49E1}"
EndProject
Global
	GlobalSection(SolutionConfigurationPlatforms) = preSolution
		Debug|Any CPU = Debug|Any CPU
		Release|Any CPU = Release|Any CPU
	EndGlobalSection
	GlobalSection(ProjectConfigurationPlatforms) = postSolution
		{F99AEF7B-5845-40FE-A0B9-9C858466FF89}.Debug|Any CPU.ActiveCfg = Debug|Any CPU
		{F99AEF7B-5845-40FE-A0B9-9C858466FF89}.Debug|Any CPU.Build.0 = Debug|Any CPU
		{F99AEF7B-5845-40FE-A0B9-9C858466FF89}.Release|Any CPU.ActiveCfg = Release|Any CPU
		{F99AEF7B-5845-40FE-A0B9-9C858466FF89}.Release|Any CPU.Build.0 = Release|Any CPU
		{6F82172F-A6C9-4D79-9DF7-D16A086337BA}.Debug|Any CPU.ActiveCfg = Debug|Any CPU
		{6F82172F-A6C9-4D79-9DF7-D16A086337BA}.Debug|Any CPU.Build.0 = Debug|Any CPU
		{6F82172F-A6C9-4D79-9DF7-D16A086337BA}.Release|Any CPU.ActiveCfg = Release|Any CPU
		{6F82172F-A6C9-4D79-9DF7-D16A086337BA}.Release|Any CPU.Build.0 = Release|Any CPU
		{07959963-4473-46F6-9A6C-02171FAF1711}.Debug|Any CPU.ActiveCfg = Debug|Any CPU
		{07959963-4473-46F6-9A6C-02171FAF1711}.Debug|Any CPU.Build.0 = Debug|Any CPU
		{07959963-4473-46F6-9A6C-02171FAF1711}.Release|Any CPU.ActiveCfg = Release|Any CPU
		{07959963-4473-46F6-9A6C-02171FAF1711}.Release|Any CPU.Build.0 = Release|Any CPU
		{86343190-8B49-4D38-ADD0-9E2D994B49E1}.Debug|Any CPU.ActiveCfg = Debug|Any CPU
		{86343190-8B49-4D38-ADD0-9E2D994B49E1}.Debug|Any CPU.Build.0 = Debug|Any CPU
		{86343190-8B49-4D38-ADD0-9E2D994B49E1}.Release|Any CPU.ActiveCfg = Release|Any CPU
		{86343190-8B49-4D38-ADD0-9E2D994B49E1}.Release|Any CPU.Build.0 = Release|Any CPU
	EndGlobalSection
	GlobalSection(NestedProjects) = preSolution
		{6F82172F-A6C9-4D79-9DF7-D16A086337BA} = {4DB399D2-467B-4598-8395-4A09E0D4CB5B}
		{07959963-4473-46F6-9A6C-02171FAF1711} = {233100C9-4DAA-45BD-9F1F-EDF0E29BFE54}
		{86343190-8B49-4D38-ADD0-9E2D994B49E1} = {1FADD9C5-BE0A-4B60-A1A0-632DF28774B6}
	EndGlobalSection
EndGlobal
